// !$*UTF8*$!
{
	archiveVersion = 1;
	classes = {
	};
	objectVersion = 50;
	objects = {

/* Begin PBXBuildFile section */
		5257726D21104A17005B7081 /* TaskitColor.swift in Sources */ = {isa = PBXBuildFile; fileRef = 5257726C21104A17005B7081 /* TaskitColor.swift */; };
		525DE1122111598F000A8656 /* BaseViewController.swift in Sources */ = {isa = PBXBuildFile; fileRef = 525DE1112111598F000A8656 /* BaseViewController.swift */; };
		525DE11421119D8A000A8656 /* CookieManager.swift in Sources */ = {isa = PBXBuildFile; fileRef = 525DE11321119D8A000A8656 /* CookieManager.swift */; };
		525DE11E2111AC70000A8656 /* HomeViewController.xib in Resources */ = {isa = PBXBuildFile; fileRef = 525DE11A2111AC70000A8656 /* HomeViewController.xib */; };
		525DE11F2111AC70000A8656 /* HomeViewController.swift in Sources */ = {isa = PBXBuildFile; fileRef = 525DE11B2111AC70000A8656 /* HomeViewController.swift */; };
		5275AD3E21085B2200A641B6 /* NetworkManager.swift in Sources */ = {isa = PBXBuildFile; fileRef = 5275AD3D21085B2200A641B6 /* NetworkManager.swift */; };
		5275AD4021085B6000A641B6 /* Constants.swift in Sources */ = {isa = PBXBuildFile; fileRef = 5275AD3F21085B6000A641B6 /* Constants.swift */; };
		5275AD4221085BB500A641B6 /* UIColor+Extension.swift in Sources */ = {isa = PBXBuildFile; fileRef = 5275AD4121085BB500A641B6 /* UIColor+Extension.swift */; };
		5275AD4421085C9500A641B6 /* RootControllerHelper.swift in Sources */ = {isa = PBXBuildFile; fileRef = 5275AD4321085C9500A641B6 /* RootControllerHelper.swift */; };
		5275AD4A2108611300A641B6 /* NetworkConfiguration.swift in Sources */ = {isa = PBXBuildFile; fileRef = 5275AD492108611300A641B6 /* NetworkConfiguration.swift */; };
		5275AD4C2108629E00A641B6 /* NetworkApiPath.swift in Sources */ = {isa = PBXBuildFile; fileRef = 5275AD4B2108629E00A641B6 /* NetworkApiPath.swift */; };
		5275AD5121086D8500A641B6 /* Localizable.strings in Resources */ = {isa = PBXBuildFile; fileRef = 5275AD5321086D8500A641B6 /* Localizable.strings */; };
		5275ADAD2108759E00A641B6 /* Tools.swift in Sources */ = {isa = PBXBuildFile; fileRef = 5275ADAC2108759E00A641B6 /* Tools.swift */; };
		527E3F25210AB3450052B8EE /* LaunchManager.swift in Sources */ = {isa = PBXBuildFile; fileRef = 527E3F24210AB3450052B8EE /* LaunchManager.swift */; };
		527E3F27210AB3790052B8EE /* TokenManager.swift in Sources */ = {isa = PBXBuildFile; fileRef = 527E3F26210AB3790052B8EE /* TokenManager.swift */; };
		527E3F2F210ABDE80052B8EE /* LoginViewController.swift in Sources */ = {isa = PBXBuildFile; fileRef = 527E3F2C210ABDE80052B8EE /* LoginViewController.swift */; };
		527E3F31210ACA330052B8EE /* JwtResponse.swift in Sources */ = {isa = PBXBuildFile; fileRef = 527E3F30210ACA330052B8EE /* JwtResponse.swift */; };
		527E3F33210AEC450052B8EE /* LoginViewModel.swift in Sources */ = {isa = PBXBuildFile; fileRef = 527E3F32210AEC450052B8EE /* LoginViewModel.swift */; };
		527E3F35210AFEF00052B8EE /* LoginService.swift in Sources */ = {isa = PBXBuildFile; fileRef = 527E3F34210AFEF00052B8EE /* LoginService.swift */; };
		527E3F37210B18360052B8EE /* ErrorResponse.swift in Sources */ = {isa = PBXBuildFile; fileRef = 527E3F36210B18360052B8EE /* ErrorResponse.swift */; };
		527E3F69210B24640052B8EE /* KeychainTool.swift in Sources */ = {isa = PBXBuildFile; fileRef = 527E3F68210B24640052B8EE /* KeychainTool.swift */; };
		52816CF1210EB34F00231559 /* String+Extension.swift in Sources */ = {isa = PBXBuildFile; fileRef = 52816CF0210EB34F00231559 /* String+Extension.swift */; };
		52816CF3210EC11F00231559 /* TokenConfig.swift in Sources */ = {isa = PBXBuildFile; fileRef = 52816CF2210EC11F00231559 /* TokenConfig.swift */; };
		52816CF6210EE75F00231559 /* ForgetPasswordViewController.swift in Sources */ = {isa = PBXBuildFile; fileRef = 52816CF4210EE75E00231559 /* ForgetPasswordViewController.swift */; };
		52816CF9210EE80800231559 /* ForgetPasswordViewModel.swift in Sources */ = {isa = PBXBuildFile; fileRef = 52816CF8210EE80800231559 /* ForgetPasswordViewModel.swift */; };
		52816CFC210F0E1B00231559 /* RegistViewController.swift in Sources */ = {isa = PBXBuildFile; fileRef = 52816CFA210F0E1B00231559 /* RegistViewController.swift */; };
		52816D01210F164900231559 /* Dictionary+Extension.swift in Sources */ = {isa = PBXBuildFile; fileRef = 52816D00210F164900231559 /* Dictionary+Extension.swift */; };
		528548DD2119A8760046F38B /* UserCenterViewController.swift in Sources */ = {isa = PBXBuildFile; fileRef = 528548DC2119A8760046F38B /* UserCenterViewController.swift */; };
		528548DF2119A8DB0046F38B /* UserInfoResponse.swift in Sources */ = {isa = PBXBuildFile; fileRef = 528548DE2119A8DB0046F38B /* UserInfoResponse.swift */; };
		5286BDEB2112BDD700E299F4 /* LoginViewController.xib in Resources */ = {isa = PBXBuildFile; fileRef = 5286BDED2112BDD700E299F4 /* LoginViewController.xib */; };
		5286BDFA2112BF7200E299F4 /* ForgetPasswordViewController.xib in Resources */ = {isa = PBXBuildFile; fileRef = 5286BDFC2112BF7200E299F4 /* ForgetPasswordViewController.xib */; };
		5286BE002112BFF800E299F4 /* RegistViewController.xib in Resources */ = {isa = PBXBuildFile; fileRef = 5286BE022112BFF800E299F4 /* RegistViewController.xib */; };
		529750E6211BDCE800CA9D3F /* StepSection.swift in Sources */ = {isa = PBXBuildFile; fileRef = 529750DD211BDCE800CA9D3F /* StepSection.swift */; };
		529750E7211BDCE800CA9D3F /* StepService.swift in Sources */ = {isa = PBXBuildFile; fileRef = 529750DE211BDCE800CA9D3F /* StepService.swift */; };
		529750E9211BDCE800CA9D3F /* StepResponse.swift in Sources */ = {isa = PBXBuildFile; fileRef = 529750E1211BDCE800CA9D3F /* StepResponse.swift */; };
		529750EA211BDCE800CA9D3F /* StepViewController.swift in Sources */ = {isa = PBXBuildFile; fileRef = 529750E3211BDCE800CA9D3F /* StepViewController.swift */; };
		529750EB211BDCE800CA9D3F /* StepDetailViewController.swift in Sources */ = {isa = PBXBuildFile; fileRef = 529750E4211BDCE800CA9D3F /* StepDetailViewController.swift */; };
		529750EC211BDCE800CA9D3F /* StepsTabbarController.swift in Sources */ = {isa = PBXBuildFile; fileRef = 529750E5211BDCE800CA9D3F /* StepsTabbarController.swift */; };
		529750EE211BDD2F00CA9D3F /* TaskModel.swift in Sources */ = {isa = PBXBuildFile; fileRef = 529750ED211BDD2F00CA9D3F /* TaskModel.swift */; };
		52B4BAA821143E7400374D3D /* BaseTabbarController.swift in Sources */ = {isa = PBXBuildFile; fileRef = 52B4BAA721143E7400374D3D /* BaseTabbarController.swift */; };
		52FAB5CA211AC742005C88BE /* BaseNavigationController.swift in Sources */ = {isa = PBXBuildFile; fileRef = 52FAB5C9211AC742005C88BE /* BaseNavigationController.swift */; };
		8051B74420F649B500BA81BE /* AppDelegate.swift in Sources */ = {isa = PBXBuildFile; fileRef = 8051B74320F649B500BA81BE /* AppDelegate.swift */; };
		8051B74920F649B500BA81BE /* Main.storyboard in Resources */ = {isa = PBXBuildFile; fileRef = 8051B74720F649B500BA81BE /* Main.storyboard */; };
		8051B74B20F649B500BA81BE /* Assets.xcassets in Resources */ = {isa = PBXBuildFile; fileRef = 8051B74A20F649B500BA81BE /* Assets.xcassets */; };
		8051B74E20F649B500BA81BE /* LaunchScreen.storyboard in Resources */ = {isa = PBXBuildFile; fileRef = 8051B74C20F649B500BA81BE /* LaunchScreen.storyboard */; };
		8051B75920F649B500BA81BE /* taskitTests.swift in Sources */ = {isa = PBXBuildFile; fileRef = 8051B75820F649B500BA81BE /* taskitTests.swift */; };
		8051B76420F649B500BA81BE /* taskitUITests.swift in Sources */ = {isa = PBXBuildFile; fileRef = 8051B76320F649B500BA81BE /* taskitUITests.swift */; };
		C97915720E6A01046AD4EA6D /* Pods_taskit.framework in Frameworks */ = {isa = PBXBuildFile; fileRef = CC73A546973EA3B1FB63CA72 /* Pods_taskit.framework */; };
/* End PBXBuildFile section */

/* Begin PBXContainerItemProxy section */
		8051B75520F649B500BA81BE /* PBXContainerItemProxy */ = {
			isa = PBXContainerItemProxy;
			containerPortal = 8051B73820F649B500BA81BE /* Project object */;
			proxyType = 1;
			remoteGlobalIDString = 8051B73F20F649B500BA81BE;
			remoteInfo = taskit;
		};
		8051B76020F649B500BA81BE /* PBXContainerItemProxy */ = {
			isa = PBXContainerItemProxy;
			containerPortal = 8051B73820F649B500BA81BE /* Project object */;
			proxyType = 1;
			remoteGlobalIDString = 8051B73F20F649B500BA81BE;
			remoteInfo = taskit;
		};
/* End PBXContainerItemProxy section */

/* Begin PBXFileReference section */
		3A714131C21F6B9323FD11D2 /* Pods-taskit.debug.xcconfig */ = {isa = PBXFileReference; includeInIndex = 1; lastKnownFileType = text.xcconfig; name = "Pods-taskit.debug.xcconfig"; path = "Pods/Target Support Files/Pods-taskit/Pods-taskit.debug.xcconfig"; sourceTree = "<group>"; };
		5257726C21104A17005B7081 /* TaskitColor.swift */ = {isa = PBXFileReference; lastKnownFileType = sourcecode.swift; path = TaskitColor.swift; sourceTree = "<group>"; };
		525DE1112111598F000A8656 /* BaseViewController.swift */ = {isa = PBXFileReference; lastKnownFileType = sourcecode.swift; path = BaseViewController.swift; sourceTree = "<group>"; };
		525DE11321119D8A000A8656 /* CookieManager.swift */ = {isa = PBXFileReference; lastKnownFileType = sourcecode.swift; path = CookieManager.swift; sourceTree = "<group>"; };
		525DE11A2111AC70000A8656 /* HomeViewController.xib */ = {isa = PBXFileReference; fileEncoding = 4; lastKnownFileType = file.xib; path = HomeViewController.xib; sourceTree = "<group>"; };
		525DE11B2111AC70000A8656 /* HomeViewController.swift */ = {isa = PBXFileReference; fileEncoding = 4; lastKnownFileType = sourcecode.swift; path = HomeViewController.swift; sourceTree = "<group>"; };
		5275AD3D21085B2200A641B6 /* NetworkManager.swift */ = {isa = PBXFileReference; lastKnownFileType = sourcecode.swift; path = NetworkManager.swift; sourceTree = "<group>"; };
		5275AD3F21085B6000A641B6 /* Constants.swift */ = {isa = PBXFileReference; lastKnownFileType = sourcecode.swift; path = Constants.swift; sourceTree = "<group>"; };
		5275AD4121085BB500A641B6 /* UIColor+Extension.swift */ = {isa = PBXFileReference; fileEncoding = 4; lastKnownFileType = sourcecode.swift; path = "UIColor+Extension.swift"; sourceTree = "<group>"; };
		5275AD4321085C9500A641B6 /* RootControllerHelper.swift */ = {isa = PBXFileReference; lastKnownFileType = sourcecode.swift; path = RootControllerHelper.swift; sourceTree = "<group>"; };
		5275AD4521085D5200A641B6 /* taskit-Bridging-Header.h */ = {isa = PBXFileReference; lastKnownFileType = sourcecode.c.h; path = "taskit-Bridging-Header.h"; sourceTree = "<group>"; };
		5275AD492108611300A641B6 /* NetworkConfiguration.swift */ = {isa = PBXFileReference; lastKnownFileType = sourcecode.swift; path = NetworkConfiguration.swift; sourceTree = "<group>"; };
		5275AD4B2108629E00A641B6 /* NetworkApiPath.swift */ = {isa = PBXFileReference; lastKnownFileType = sourcecode.swift; path = NetworkApiPath.swift; sourceTree = "<group>"; };
		5275AD4D21086D3500A641B6 /* zh-Hans */ = {isa = PBXFileReference; lastKnownFileType = text.plist.strings; name = "zh-Hans"; path = "zh-Hans.lproj/Main.strings"; sourceTree = "<group>"; };
		5275AD4E21086D3500A641B6 /* zh-Hans */ = {isa = PBXFileReference; lastKnownFileType = text.plist.strings; name = "zh-Hans"; path = "zh-Hans.lproj/LaunchScreen.strings"; sourceTree = "<group>"; };
		5275AD5221086D8500A641B6 /* zh-Hans */ = {isa = PBXFileReference; lastKnownFileType = text.plist.strings; name = "zh-Hans"; path = "zh-Hans.lproj/Localizable.strings"; sourceTree = "<group>"; };
		5275AD5421086D9000A641B6 /* en */ = {isa = PBXFileReference; lastKnownFileType = text.plist.strings; name = en; path = en.lproj/Localizable.strings; sourceTree = "<group>"; };
		5275ADAC2108759E00A641B6 /* Tools.swift */ = {isa = PBXFileReference; lastKnownFileType = sourcecode.swift; path = Tools.swift; sourceTree = "<group>"; };
		527E3F24210AB3450052B8EE /* LaunchManager.swift */ = {isa = PBXFileReference; lastKnownFileType = sourcecode.swift; path = LaunchManager.swift; sourceTree = "<group>"; };
		527E3F26210AB3790052B8EE /* TokenManager.swift */ = {isa = PBXFileReference; lastKnownFileType = sourcecode.swift; path = TokenManager.swift; sourceTree = "<group>"; };
		527E3F2C210ABDE80052B8EE /* LoginViewController.swift */ = {isa = PBXFileReference; fileEncoding = 4; lastKnownFileType = sourcecode.swift; path = LoginViewController.swift; sourceTree = "<group>"; };
		527E3F30210ACA330052B8EE /* JwtResponse.swift */ = {isa = PBXFileReference; lastKnownFileType = sourcecode.swift; path = JwtResponse.swift; sourceTree = "<group>"; };
		527E3F32210AEC450052B8EE /* LoginViewModel.swift */ = {isa = PBXFileReference; lastKnownFileType = sourcecode.swift; path = LoginViewModel.swift; sourceTree = "<group>"; };
		527E3F34210AFEF00052B8EE /* LoginService.swift */ = {isa = PBXFileReference; lastKnownFileType = sourcecode.swift; path = LoginService.swift; sourceTree = "<group>"; };
		527E3F36210B18360052B8EE /* ErrorResponse.swift */ = {isa = PBXFileReference; lastKnownFileType = sourcecode.swift; path = ErrorResponse.swift; sourceTree = "<group>"; };
		527E3F68210B24640052B8EE /* KeychainTool.swift */ = {isa = PBXFileReference; lastKnownFileType = sourcecode.swift; path = KeychainTool.swift; sourceTree = "<group>"; };
		52816CF0210EB34F00231559 /* String+Extension.swift */ = {isa = PBXFileReference; lastKnownFileType = sourcecode.swift; path = "String+Extension.swift"; sourceTree = "<group>"; };
		52816CF2210EC11F00231559 /* TokenConfig.swift */ = {isa = PBXFileReference; lastKnownFileType = sourcecode.swift; path = TokenConfig.swift; sourceTree = "<group>"; };
		52816CF4210EE75E00231559 /* ForgetPasswordViewController.swift */ = {isa = PBXFileReference; lastKnownFileType = sourcecode.swift; path = ForgetPasswordViewController.swift; sourceTree = "<group>"; };
		52816CF8210EE80800231559 /* ForgetPasswordViewModel.swift */ = {isa = PBXFileReference; lastKnownFileType = sourcecode.swift; path = ForgetPasswordViewModel.swift; sourceTree = "<group>"; };
		52816CFA210F0E1B00231559 /* RegistViewController.swift */ = {isa = PBXFileReference; lastKnownFileType = sourcecode.swift; path = RegistViewController.swift; sourceTree = "<group>"; };
		52816D00210F164900231559 /* Dictionary+Extension.swift */ = {isa = PBXFileReference; lastKnownFileType = sourcecode.swift; path = "Dictionary+Extension.swift"; sourceTree = "<group>"; };
		528548DC2119A8760046F38B /* UserCenterViewController.swift */ = {isa = PBXFileReference; fileEncoding = 4; lastKnownFileType = sourcecode.swift; path = UserCenterViewController.swift; sourceTree = "<group>"; };
		528548DE2119A8DB0046F38B /* UserInfoResponse.swift */ = {isa = PBXFileReference; lastKnownFileType = sourcecode.swift; path = UserInfoResponse.swift; sourceTree = "<group>"; };
		5286BDEC2112BDD700E299F4 /* Base */ = {isa = PBXFileReference; lastKnownFileType = file.xib; name = Base; path = Base.lproj/LoginViewController.xib; sourceTree = "<group>"; };
		5286BDFB2112BF7200E299F4 /* Base */ = {isa = PBXFileReference; lastKnownFileType = file.xib; name = Base; path = Base.lproj/ForgetPasswordViewController.xib; sourceTree = "<group>"; };
		5286BE032112BFFE00E299F4 /* Base */ = {isa = PBXFileReference; lastKnownFileType = file.xib; name = Base; path = Base.lproj/RegistViewController.xib; sourceTree = "<group>"; };
		529750DD211BDCE800CA9D3F /* StepSection.swift */ = {isa = PBXFileReference; fileEncoding = 4; lastKnownFileType = sourcecode.swift; path = StepSection.swift; sourceTree = "<group>"; };
		529750DE211BDCE800CA9D3F /* StepService.swift */ = {isa = PBXFileReference; fileEncoding = 4; lastKnownFileType = sourcecode.swift; path = StepService.swift; sourceTree = "<group>"; };
		529750E1211BDCE800CA9D3F /* StepResponse.swift */ = {isa = PBXFileReference; fileEncoding = 4; lastKnownFileType = sourcecode.swift; path = StepResponse.swift; sourceTree = "<group>"; };
		529750E3211BDCE800CA9D3F /* StepViewController.swift */ = {isa = PBXFileReference; fileEncoding = 4; lastKnownFileType = sourcecode.swift; path = StepViewController.swift; sourceTree = "<group>"; };
		529750E4211BDCE800CA9D3F /* StepDetailViewController.swift */ = {isa = PBXFileReference; fileEncoding = 4; lastKnownFileType = sourcecode.swift; path = StepDetailViewController.swift; sourceTree = "<group>"; };
		529750E5211BDCE800CA9D3F /* StepsTabbarController.swift */ = {isa = PBXFileReference; fileEncoding = 4; lastKnownFileType = sourcecode.swift; path = StepsTabbarController.swift; sourceTree = "<group>"; };
		529750ED211BDD2F00CA9D3F /* TaskModel.swift */ = {isa = PBXFileReference; fileEncoding = 4; lastKnownFileType = sourcecode.swift; path = TaskModel.swift; sourceTree = "<group>"; };
		52B4BAA721143E7400374D3D /* BaseTabbarController.swift */ = {isa = PBXFileReference; lastKnownFileType = sourcecode.swift; path = BaseTabbarController.swift; sourceTree = "<group>"; };
		52FAB5C9211AC742005C88BE /* BaseNavigationController.swift */ = {isa = PBXFileReference; lastKnownFileType = sourcecode.swift; path = BaseNavigationController.swift; sourceTree = "<group>"; };
		8051B74020F649B500BA81BE /* taskit.app */ = {isa = PBXFileReference; explicitFileType = wrapper.application; includeInIndex = 0; path = taskit.app; sourceTree = BUILT_PRODUCTS_DIR; };
		8051B74320F649B500BA81BE /* AppDelegate.swift */ = {isa = PBXFileReference; lastKnownFileType = sourcecode.swift; path = AppDelegate.swift; sourceTree = "<group>"; };
		8051B74820F649B500BA81BE /* Base */ = {isa = PBXFileReference; lastKnownFileType = file.storyboard; name = Base; path = Base.lproj/Main.storyboard; sourceTree = "<group>"; };
		8051B74A20F649B500BA81BE /* Assets.xcassets */ = {isa = PBXFileReference; lastKnownFileType = folder.assetcatalog; path = Assets.xcassets; sourceTree = "<group>"; };
		8051B74D20F649B500BA81BE /* Base */ = {isa = PBXFileReference; lastKnownFileType = file.storyboard; name = Base; path = Base.lproj/LaunchScreen.storyboard; sourceTree = "<group>"; };
		8051B74F20F649B500BA81BE /* Info.plist */ = {isa = PBXFileReference; lastKnownFileType = text.plist.xml; path = Info.plist; sourceTree = "<group>"; };
		8051B75420F649B500BA81BE /* taskitTests.xctest */ = {isa = PBXFileReference; explicitFileType = wrapper.cfbundle; includeInIndex = 0; path = taskitTests.xctest; sourceTree = BUILT_PRODUCTS_DIR; };
		8051B75820F649B500BA81BE /* taskitTests.swift */ = {isa = PBXFileReference; lastKnownFileType = sourcecode.swift; path = taskitTests.swift; sourceTree = "<group>"; };
		8051B75A20F649B500BA81BE /* Info.plist */ = {isa = PBXFileReference; lastKnownFileType = text.plist.xml; path = Info.plist; sourceTree = "<group>"; };
		8051B75F20F649B500BA81BE /* taskitUITests.xctest */ = {isa = PBXFileReference; explicitFileType = wrapper.cfbundle; includeInIndex = 0; path = taskitUITests.xctest; sourceTree = BUILT_PRODUCTS_DIR; };
		8051B76320F649B500BA81BE /* taskitUITests.swift */ = {isa = PBXFileReference; lastKnownFileType = sourcecode.swift; path = taskitUITests.swift; sourceTree = "<group>"; };
		8051B76520F649B500BA81BE /* Info.plist */ = {isa = PBXFileReference; lastKnownFileType = text.plist.xml; path = Info.plist; sourceTree = "<group>"; };
		A6AE431F8B8136D945E4BA26 /* Pods-taskit.release.xcconfig */ = {isa = PBXFileReference; includeInIndex = 1; lastKnownFileType = text.xcconfig; name = "Pods-taskit.release.xcconfig"; path = "Pods/Target Support Files/Pods-taskit/Pods-taskit.release.xcconfig"; sourceTree = "<group>"; };
		CC73A546973EA3B1FB63CA72 /* Pods_taskit.framework */ = {isa = PBXFileReference; explicitFileType = wrapper.framework; includeInIndex = 0; path = Pods_taskit.framework; sourceTree = BUILT_PRODUCTS_DIR; };
/* End PBXFileReference section */

/* Begin PBXFrameworksBuildPhase section */
		8051B73D20F649B500BA81BE /* Frameworks */ = {
			isa = PBXFrameworksBuildPhase;
			buildActionMask = 2147483647;
			files = (
				C97915720E6A01046AD4EA6D /* Pods_taskit.framework in Frameworks */,
			);
			runOnlyForDeploymentPostprocessing = 0;
		};
		8051B75120F649B500BA81BE /* Frameworks */ = {
			isa = PBXFrameworksBuildPhase;
			buildActionMask = 2147483647;
			files = (
			);
			runOnlyForDeploymentPostprocessing = 0;
		};
		8051B75C20F649B500BA81BE /* Frameworks */ = {
			isa = PBXFrameworksBuildPhase;
			buildActionMask = 2147483647;
			files = (
			);
			runOnlyForDeploymentPostprocessing = 0;
		};
/* End PBXFrameworksBuildPhase section */

/* Begin PBXGroup section */
		05B2F8569225B0C17275328D /* Frameworks */ = {
			isa = PBXGroup;
			children = (
				CC73A546973EA3B1FB63CA72 /* Pods_taskit.framework */,
			);
			name = Frameworks;
			sourceTree = "<group>";
		};
		525DE1102111597D000A8656 /* Base */ = {
			isa = PBXGroup;
			children = (
				525DE1112111598F000A8656 /* BaseViewController.swift */,
				52B4BAA721143E7400374D3D /* BaseTabbarController.swift */,
				52FAB5C9211AC742005C88BE /* BaseNavigationController.swift */,
			);
			path = Base;
			sourceTree = "<group>";
		};
		525DE1192111AC70000A8656 /* View */ = {
			isa = PBXGroup;
			children = (
				525DE11B2111AC70000A8656 /* HomeViewController.swift */,
				525DE11A2111AC70000A8656 /* HomeViewController.xib */,
			);
			path = View;
			sourceTree = "<group>";
		};
		525DE11C2111AC70000A8656 /* ViewModel */ = {
			isa = PBXGroup;
			children = (
			);
			path = ViewModel;
			sourceTree = "<group>";
		};
		525DE11D2111AC70000A8656 /* Model */ = {
			isa = PBXGroup;
			children = (
				529750ED211BDD2F00CA9D3F /* TaskModel.swift */,
			);
			path = Model;
			sourceTree = "<group>";
		};
		5275AD6821086F9B00A641B6 /* Setting */ = {
			isa = PBXGroup;
			children = (
			);
			path = Setting;
			sourceTree = "<group>";
		};
		5275AD6921086F9B00A641B6 /* UserInfo */ = {
			isa = PBXGroup;
			children = (
				528548D92119A8760046F38B /* Model */,
				528548DB2119A8760046F38B /* View */,
				528548DA2119A8760046F38B /* ViewModel */,
			);
			path = UserInfo;
			sourceTree = "<group>";
		};
		5275AD6A21086F9B00A641B6 /* Task */ = {
			isa = PBXGroup;
			children = (
				529750DF211BDCE800CA9D3F /* Model */,
				529750E2211BDCE800CA9D3F /* View */,
				529750DC211BDCE800CA9D3F /* ViewModel */,
			);
			path = Task;
			sourceTree = "<group>";
		};
		5275AD6B21086F9B00A641B6 /* Login */ = {
			isa = PBXGroup;
			children = (
				527E3F34210AFEF00052B8EE /* LoginService.swift */,
				527E3F2A210ABDE80052B8EE /* Controller */,
				527E3F28210ABDE80052B8EE /* Model */,
				527E3F29210ABDE80052B8EE /* View */,
				527E3F2D210ABDE80052B8EE /* ViewModel */,
			);
			path = Login;
			sourceTree = "<group>";
		};
		5275AD6C21086F9B00A641B6 /* Home */ = {
			isa = PBXGroup;
			children = (
				525DE11D2111AC70000A8656 /* Model */,
				525DE1192111AC70000A8656 /* View */,
				525DE11C2111AC70000A8656 /* ViewModel */,
			);
			path = Home;
			sourceTree = "<group>";
		};
		527D646A2107006C000AA04B /* Extensions */ = {
			isa = PBXGroup;
			children = (
				5275AD4121085BB500A641B6 /* UIColor+Extension.swift */,
				52816CF0210EB34F00231559 /* String+Extension.swift */,
				52816D00210F164900231559 /* Dictionary+Extension.swift */,
			);
			path = Extensions;
			sourceTree = "<group>";
		};
		527D646B2107006C000AA04B /* Tools */ = {
			isa = PBXGroup;
			children = (
				5275AD4321085C9500A641B6 /* RootControllerHelper.swift */,
				5275ADAC2108759E00A641B6 /* Tools.swift */,
				527E3F68210B24640052B8EE /* KeychainTool.swift */,
				5257726C21104A17005B7081 /* TaskitColor.swift */,
			);
			path = Tools;
			sourceTree = "<group>";
		};
		527D646C2107006C000AA04B /* NetworkManager */ = {
			isa = PBXGroup;
			children = (
				5275AD3D21085B2200A641B6 /* NetworkManager.swift */,
				5275AD492108611300A641B6 /* NetworkConfiguration.swift */,
				5275AD4B2108629E00A641B6 /* NetworkApiPath.swift */,
				527E3F36210B18360052B8EE /* ErrorResponse.swift */,
			);
			path = NetworkManager;
			sourceTree = "<group>";
		};
		527D646D2107006C000AA04B /* UI */ = {
			isa = PBXGroup;
			children = (
				5275AD6B21086F9B00A641B6 /* Login */,
				5275AD6C21086F9B00A641B6 /* Home */,
				5275AD6821086F9B00A641B6 /* Setting */,
				5275AD6A21086F9B00A641B6 /* Task */,
				5275AD6921086F9B00A641B6 /* UserInfo */,
			);
			path = UI;
			sourceTree = "<group>";
		};
		527D646E2107009C000AA04B /* Resources */ = {
			isa = PBXGroup;
			children = (
				8051B74A20F649B500BA81BE /* Assets.xcassets */,
			);
			path = Resources;
			sourceTree = "<group>";
		};
		527E3F28210ABDE80052B8EE /* Model */ = {
			isa = PBXGroup;
			children = (
				527E3F30210ACA330052B8EE /* JwtResponse.swift */,
			);
			path = Model;
			sourceTree = "<group>";
		};
		527E3F29210ABDE80052B8EE /* View */ = {
			isa = PBXGroup;
			children = (
			);
			path = View;
			sourceTree = "<group>";
		};
		527E3F2A210ABDE80052B8EE /* Controller */ = {
			isa = PBXGroup;
			children = (
				527E3F2C210ABDE80052B8EE /* LoginViewController.swift */,
				5286BDED2112BDD700E299F4 /* LoginViewController.xib */,
				52816CF4210EE75E00231559 /* ForgetPasswordViewController.swift */,
				5286BDFC2112BF7200E299F4 /* ForgetPasswordViewController.xib */,
				52816CFA210F0E1B00231559 /* RegistViewController.swift */,
				5286BE022112BFF800E299F4 /* RegistViewController.xib */,
			);
			path = Controller;
			sourceTree = "<group>";
		};
		527E3F2D210ABDE80052B8EE /* ViewModel */ = {
			isa = PBXGroup;
			children = (
				527E3F32210AEC450052B8EE /* LoginViewModel.swift */,
				52816CF8210EE80800231559 /* ForgetPasswordViewModel.swift */,
			);
			path = ViewModel;
			sourceTree = "<group>";
		};
		528548D92119A8760046F38B /* Model */ = {
			isa = PBXGroup;
			children = (
				528548DE2119A8DB0046F38B /* UserInfoResponse.swift */,
			);
			path = Model;
			sourceTree = "<group>";
		};
		528548DA2119A8760046F38B /* ViewModel */ = {
			isa = PBXGroup;
			children = (
			);
			path = ViewModel;
			sourceTree = "<group>";
		};
		528548DB2119A8760046F38B /* View */ = {
			isa = PBXGroup;
			children = (
				528548DC2119A8760046F38B /* UserCenterViewController.swift */,
			);
			path = View;
			sourceTree = "<group>";
		};
		529750DC211BDCE800CA9D3F /* ViewModel */ = {
			isa = PBXGroup;
			children = (
				529750DD211BDCE800CA9D3F /* StepSection.swift */,
				529750DE211BDCE800CA9D3F /* StepService.swift */,
			);
			path = ViewModel;
			sourceTree = "<group>";
		};
		529750DF211BDCE800CA9D3F /* Model */ = {
			isa = PBXGroup;
			children = (
				529750E1211BDCE800CA9D3F /* StepResponse.swift */,
			);
			path = Model;
			sourceTree = "<group>";
		};
		529750E2211BDCE800CA9D3F /* View */ = {
			isa = PBXGroup;
			children = (
				529750E5211BDCE800CA9D3F /* StepsTabbarController.swift */,
				529750E3211BDCE800CA9D3F /* StepViewController.swift */,
				529750E4211BDCE800CA9D3F /* StepDetailViewController.swift */,
			);
			path = View;
			sourceTree = "<group>";
		};
		8051B73720F649B500BA81BE = {
			isa = PBXGroup;
			children = (
				8051B74220F649B500BA81BE /* taskit */,
				8051B75720F649B500BA81BE /* taskitTests */,
				8051B76220F649B500BA81BE /* taskitUITests */,
				8051B74120F649B500BA81BE /* Products */,
				F2E5CD84F7F4858E34F75E25 /* Pods */,
				05B2F8569225B0C17275328D /* Frameworks */,
			);
			sourceTree = "<group>";
		};
		8051B74120F649B500BA81BE /* Products */ = {
			isa = PBXGroup;
			children = (
				8051B74020F649B500BA81BE /* taskit.app */,
				8051B75420F649B500BA81BE /* taskitTests.xctest */,
				8051B75F20F649B500BA81BE /* taskitUITests.xctest */,
			);
			name = Products;
			sourceTree = "<group>";
		};
		8051B74220F649B500BA81BE /* taskit */ = {
			isa = PBXGroup;
			children = (
				8051B74320F649B500BA81BE /* AppDelegate.swift */,
				527E3F24210AB3450052B8EE /* LaunchManager.swift */,
				527E3F26210AB3790052B8EE /* TokenManager.swift */,
				52816CF2210EC11F00231559 /* TokenConfig.swift */,
				525DE11321119D8A000A8656 /* CookieManager.swift */,
				527D646D2107006C000AA04B /* UI */,
				525DE1102111597D000A8656 /* Base */,
				527D646C2107006C000AA04B /* NetworkManager */,
				527D646A2107006C000AA04B /* Extensions */,
				527D646B2107006C000AA04B /* Tools */,
				527D646E2107009C000AA04B /* Resources */,
				8051B74720F649B500BA81BE /* Main.storyboard */,
				8051B74C20F649B500BA81BE /* LaunchScreen.storyboard */,
				5275AD3F21085B6000A641B6 /* Constants.swift */,
				8051B74F20F649B500BA81BE /* Info.plist */,
				5275AD4521085D5200A641B6 /* taskit-Bridging-Header.h */,
				5275AD5321086D8500A641B6 /* Localizable.strings */,
			);
			path = taskit;
			sourceTree = "<group>";
		};
		8051B75720F649B500BA81BE /* taskitTests */ = {
			isa = PBXGroup;
			children = (
				8051B75820F649B500BA81BE /* taskitTests.swift */,
				8051B75A20F649B500BA81BE /* Info.plist */,
			);
			path = taskitTests;
			sourceTree = "<group>";
		};
		8051B76220F649B500BA81BE /* taskitUITests */ = {
			isa = PBXGroup;
			children = (
				8051B76320F649B500BA81BE /* taskitUITests.swift */,
				8051B76520F649B500BA81BE /* Info.plist */,
			);
			path = taskitUITests;
			sourceTree = "<group>";
		};
		F2E5CD84F7F4858E34F75E25 /* Pods */ = {
			isa = PBXGroup;
			children = (
				3A714131C21F6B9323FD11D2 /* Pods-taskit.debug.xcconfig */,
				A6AE431F8B8136D945E4BA26 /* Pods-taskit.release.xcconfig */,
			);
			name = Pods;
			sourceTree = "<group>";
		};
/* End PBXGroup section */

/* Begin PBXNativeTarget section */
		8051B73F20F649B500BA81BE /* taskit */ = {
			isa = PBXNativeTarget;
			buildConfigurationList = 8051B76820F649B500BA81BE /* Build configuration list for PBXNativeTarget "taskit" */;
			buildPhases = (
				33579D3AC42E2821A0A54501 /* [CP] Check Pods Manifest.lock */,
				8051B73C20F649B500BA81BE /* Sources */,
				8051B73D20F649B500BA81BE /* Frameworks */,
				8051B73E20F649B500BA81BE /* Resources */,
				26F72320400F36CD16353AF1 /* [CP] Embed Pods Frameworks */,
				182F1D54DFE791317934B17B /* [CP] Copy Pods Resources */,
			);
			buildRules = (
			);
			dependencies = (
			);
			name = taskit;
			productName = taskit;
			productReference = 8051B74020F649B500BA81BE /* taskit.app */;
			productType = "com.apple.product-type.application";
		};
		8051B75320F649B500BA81BE /* taskitTests */ = {
			isa = PBXNativeTarget;
			buildConfigurationList = 8051B76B20F649B500BA81BE /* Build configuration list for PBXNativeTarget "taskitTests" */;
			buildPhases = (
				8051B75020F649B500BA81BE /* Sources */,
				8051B75120F649B500BA81BE /* Frameworks */,
				8051B75220F649B500BA81BE /* Resources */,
			);
			buildRules = (
			);
			dependencies = (
				8051B75620F649B500BA81BE /* PBXTargetDependency */,
			);
			name = taskitTests;
			productName = taskitTests;
			productReference = 8051B75420F649B500BA81BE /* taskitTests.xctest */;
			productType = "com.apple.product-type.bundle.unit-test";
		};
		8051B75E20F649B500BA81BE /* taskitUITests */ = {
			isa = PBXNativeTarget;
			buildConfigurationList = 8051B76E20F649B500BA81BE /* Build configuration list for PBXNativeTarget "taskitUITests" */;
			buildPhases = (
				8051B75B20F649B500BA81BE /* Sources */,
				8051B75C20F649B500BA81BE /* Frameworks */,
				8051B75D20F649B500BA81BE /* Resources */,
			);
			buildRules = (
			);
			dependencies = (
				8051B76120F649B500BA81BE /* PBXTargetDependency */,
			);
			name = taskitUITests;
			productName = taskitUITests;
			productReference = 8051B75F20F649B500BA81BE /* taskitUITests.xctest */;
			productType = "com.apple.product-type.bundle.ui-testing";
		};
/* End PBXNativeTarget section */

/* Begin PBXProject section */
		8051B73820F649B500BA81BE /* Project object */ = {
			isa = PBXProject;
			attributes = {
				LastSwiftUpdateCheck = 0930;
				LastUpgradeCheck = 0930;
				ORGANIZATIONNAME = Snow;
				TargetAttributes = {
					8051B73F20F649B500BA81BE = {
						CreatedOnToolsVersion = 9.3.1;
						LastSwiftMigration = 0940;
					};
					8051B75320F649B500BA81BE = {
						CreatedOnToolsVersion = 9.3.1;
						TestTargetID = 8051B73F20F649B500BA81BE;
					};
					8051B75E20F649B500BA81BE = {
						CreatedOnToolsVersion = 9.3.1;
						TestTargetID = 8051B73F20F649B500BA81BE;
					};
				};
			};
			buildConfigurationList = 8051B73B20F649B500BA81BE /* Build configuration list for PBXProject "taskit" */;
			compatibilityVersion = "Xcode 9.3";
			developmentRegion = en;
			hasScannedForEncodings = 0;
			knownRegions = (
				en,
				Base,
				"zh-Hans",
			);
			mainGroup = 8051B73720F649B500BA81BE;
			productRefGroup = 8051B74120F649B500BA81BE /* Products */;
			projectDirPath = "";
			projectRoot = "";
			targets = (
				8051B73F20F649B500BA81BE /* taskit */,
				8051B75320F649B500BA81BE /* taskitTests */,
				8051B75E20F649B500BA81BE /* taskitUITests */,
			);
		};
/* End PBXProject section */

/* Begin PBXResourcesBuildPhase section */
		8051B73E20F649B500BA81BE /* Resources */ = {
			isa = PBXResourcesBuildPhase;
			buildActionMask = 2147483647;
			files = (
				5286BDFA2112BF7200E299F4 /* ForgetPasswordViewController.xib in Resources */,
				8051B74E20F649B500BA81BE /* LaunchScreen.storyboard in Resources */,
				5275AD5121086D8500A641B6 /* Localizable.strings in Resources */,
				5286BDEB2112BDD700E299F4 /* LoginViewController.xib in Resources */,
				8051B74B20F649B500BA81BE /* Assets.xcassets in Resources */,
				8051B74920F649B500BA81BE /* Main.storyboard in Resources */,
				5286BE002112BFF800E299F4 /* RegistViewController.xib in Resources */,
				525DE11E2111AC70000A8656 /* HomeViewController.xib in Resources */,
			);
			runOnlyForDeploymentPostprocessing = 0;
		};
		8051B75220F649B500BA81BE /* Resources */ = {
			isa = PBXResourcesBuildPhase;
			buildActionMask = 2147483647;
			files = (
			);
			runOnlyForDeploymentPostprocessing = 0;
		};
		8051B75D20F649B500BA81BE /* Resources */ = {
			isa = PBXResourcesBuildPhase;
			buildActionMask = 2147483647;
			files = (
			);
			runOnlyForDeploymentPostprocessing = 0;
		};
/* End PBXResourcesBuildPhase section */

/* Begin PBXShellScriptBuildPhase section */
		182F1D54DFE791317934B17B /* [CP] Copy Pods Resources */ = {
			isa = PBXShellScriptBuildPhase;
			buildActionMask = 2147483647;
			files = (
			);
			inputPaths = (
			);
			name = "[CP] Copy Pods Resources";
			outputPaths = (
			);
			runOnlyForDeploymentPostprocessing = 0;
			shellPath = /bin/sh;
			shellScript = "\"${SRCROOT}/Pods/Target Support Files/Pods-taskit/Pods-taskit-resources.sh\"\n";
			showEnvVarsInLog = 0;
		};
		26F72320400F36CD16353AF1 /* [CP] Embed Pods Frameworks */ = {
			isa = PBXShellScriptBuildPhase;
			buildActionMask = 2147483647;
			files = (
			);
			inputPaths = (
				"${SRCROOT}/Pods/Target Support Files/Pods-taskit/Pods-taskit-frameworks.sh",
				"${BUILT_PRODUCTS_DIR}/Alamofire/Alamofire.framework",
				"${BUILT_PRODUCTS_DIR}/ESPullToRefresh/ESPullToRefresh.framework",
				"${BUILT_PRODUCTS_DIR}/JSONWebToken/JWT.framework",
				"${BUILT_PRODUCTS_DIR}/KeychainAccess/KeychainAccess.framework",
				"${BUILT_PRODUCTS_DIR}/ObjectMapper/ObjectMapper.framework",
				"${BUILT_PRODUCTS_DIR}/RxCocoa/RxCocoa.framework",
				"${BUILT_PRODUCTS_DIR}/RxSwift/RxSwift.framework",
				"${BUILT_PRODUCTS_DIR}/SnapKit/SnapKit.framework",
				"${BUILT_PRODUCTS_DIR}/Toast-Swift/Toast_Swift.framework",
			);
			name = "[CP] Embed Pods Frameworks";
			outputPaths = (
				"${TARGET_BUILD_DIR}/${FRAMEWORKS_FOLDER_PATH}/Alamofire.framework",
				"${TARGET_BUILD_DIR}/${FRAMEWORKS_FOLDER_PATH}/ESPullToRefresh.framework",
				"${TARGET_BUILD_DIR}/${FRAMEWORKS_FOLDER_PATH}/JWT.framework",
				"${TARGET_BUILD_DIR}/${FRAMEWORKS_FOLDER_PATH}/KeychainAccess.framework",
				"${TARGET_BUILD_DIR}/${FRAMEWORKS_FOLDER_PATH}/ObjectMapper.framework",
				"${TARGET_BUILD_DIR}/${FRAMEWORKS_FOLDER_PATH}/RxCocoa.framework",
				"${TARGET_BUILD_DIR}/${FRAMEWORKS_FOLDER_PATH}/RxSwift.framework",
				"${TARGET_BUILD_DIR}/${FRAMEWORKS_FOLDER_PATH}/SnapKit.framework",
				"${TARGET_BUILD_DIR}/${FRAMEWORKS_FOLDER_PATH}/Toast_Swift.framework",
			);
			runOnlyForDeploymentPostprocessing = 0;
			shellPath = /bin/sh;
			shellScript = "\"${SRCROOT}/Pods/Target Support Files/Pods-taskit/Pods-taskit-frameworks.sh\"\n";
			showEnvVarsInLog = 0;
		};
		33579D3AC42E2821A0A54501 /* [CP] Check Pods Manifest.lock */ = {
			isa = PBXShellScriptBuildPhase;
			buildActionMask = 2147483647;
			files = (
			);
			inputPaths = (
				"${PODS_PODFILE_DIR_PATH}/Podfile.lock",
				"${PODS_ROOT}/Manifest.lock",
			);
			name = "[CP] Check Pods Manifest.lock";
			outputPaths = (
				"$(DERIVED_FILE_DIR)/Pods-taskit-checkManifestLockResult.txt",
			);
			runOnlyForDeploymentPostprocessing = 0;
			shellPath = /bin/sh;
			shellScript = "diff \"${PODS_PODFILE_DIR_PATH}/Podfile.lock\" \"${PODS_ROOT}/Manifest.lock\" > /dev/null\nif [ $? != 0 ] ; then\n    # print error to STDERR\n    echo \"error: The sandbox is not in sync with the Podfile.lock. Run 'pod install' or update your CocoaPods installation.\" >&2\n    exit 1\nfi\n# This output is used by Xcode 'outputs' to avoid re-running this script phase.\necho \"SUCCESS\" > \"${SCRIPT_OUTPUT_FILE_0}\"\n";
			showEnvVarsInLog = 0;
		};
/* End PBXShellScriptBuildPhase section */

/* Begin PBXSourcesBuildPhase section */
		8051B73C20F649B500BA81BE /* Sources */ = {
			isa = PBXSourcesBuildPhase;
			buildActionMask = 2147483647;
			files = (
				529750EB211BDCE800CA9D3F /* StepDetailViewController.swift in Sources */,
				52B4BAA821143E7400374D3D /* BaseTabbarController.swift in Sources */,
				525DE11421119D8A000A8656 /* CookieManager.swift in Sources */,
				52816CF3210EC11F00231559 /* TokenConfig.swift in Sources */,
				5275AD3E21085B2200A641B6 /* NetworkManager.swift in Sources */,
				5275ADAD2108759E00A641B6 /* Tools.swift in Sources */,
				52816CF6210EE75F00231559 /* ForgetPasswordViewController.swift in Sources */,
				8051B74420F649B500BA81BE /* AppDelegate.swift in Sources */,
				529750EE211BDD2F00CA9D3F /* TaskModel.swift in Sources */,
				52816CF1210EB34F00231559 /* String+Extension.swift in Sources */,
				527E3F25210AB3450052B8EE /* LaunchManager.swift in Sources */,
				5275AD4021085B6000A641B6 /* Constants.swift in Sources */,
				5275AD4A2108611300A641B6 /* NetworkConfiguration.swift in Sources */,
				529750E9211BDCE800CA9D3F /* StepResponse.swift in Sources */,
				528548DD2119A8760046F38B /* UserCenterViewController.swift in Sources */,
				527E3F37210B18360052B8EE /* ErrorResponse.swift in Sources */,
				529750E7211BDCE800CA9D3F /* StepService.swift in Sources */,
				52816D01210F164900231559 /* Dictionary+Extension.swift in Sources */,
				527E3F35210AFEF00052B8EE /* LoginService.swift in Sources */,
				525DE11F2111AC70000A8656 /* HomeViewController.swift in Sources */,
				525DE1122111598F000A8656 /* BaseViewController.swift in Sources */,
				527E3F33210AEC450052B8EE /* LoginViewModel.swift in Sources */,
				528548DF2119A8DB0046F38B /* UserInfoResponse.swift in Sources */,
				52816CFC210F0E1B00231559 /* RegistViewController.swift in Sources */,
				527E3F31210ACA330052B8EE /* JwtResponse.swift in Sources */,
				527E3F69210B24640052B8EE /* KeychainTool.swift in Sources */,
				52816CF9210EE80800231559 /* ForgetPasswordViewModel.swift in Sources */,
				527E3F27210AB3790052B8EE /* TokenManager.swift in Sources */,
				529750EC211BDCE800CA9D3F /* StepsTabbarController.swift in Sources */,
				5275AD4221085BB500A641B6 /* UIColor+Extension.swift in Sources */,
				5275AD4421085C9500A641B6 /* RootControllerHelper.swift in Sources */,
				52FAB5CA211AC742005C88BE /* BaseNavigationController.swift in Sources */,
				527E3F2F210ABDE80052B8EE /* LoginViewController.swift in Sources */,
				529750EA211BDCE800CA9D3F /* StepViewController.swift in Sources */,
				5275AD4C2108629E00A641B6 /* NetworkApiPath.swift in Sources */,
				5257726D21104A17005B7081 /* TaskitColor.swift in Sources */,
				529750E6211BDCE800CA9D3F /* StepSection.swift in Sources */,
			);
			runOnlyForDeploymentPostprocessing = 0;
		};
		8051B75020F649B500BA81BE /* Sources */ = {
			isa = PBXSourcesBuildPhase;
			buildActionMask = 2147483647;
			files = (
				8051B75920F649B500BA81BE /* taskitTests.swift in Sources */,
			);
			runOnlyForDeploymentPostprocessing = 0;
		};
		8051B75B20F649B500BA81BE /* Sources */ = {
			isa = PBXSourcesBuildPhase;
			buildActionMask = 2147483647;
			files = (
				8051B76420F649B500BA81BE /* taskitUITests.swift in Sources */,
			);
			runOnlyForDeploymentPostprocessing = 0;
		};
/* End PBXSourcesBuildPhase section */

/* Begin PBXTargetDependency section */
		8051B75620F649B500BA81BE /* PBXTargetDependency */ = {
			isa = PBXTargetDependency;
			target = 8051B73F20F649B500BA81BE /* taskit */;
			targetProxy = 8051B75520F649B500BA81BE /* PBXContainerItemProxy */;
		};
		8051B76120F649B500BA81BE /* PBXTargetDependency */ = {
			isa = PBXTargetDependency;
			target = 8051B73F20F649B500BA81BE /* taskit */;
			targetProxy = 8051B76020F649B500BA81BE /* PBXContainerItemProxy */;
		};
/* End PBXTargetDependency section */

/* Begin PBXVariantGroup section */
		5275AD5321086D8500A641B6 /* Localizable.strings */ = {
			isa = PBXVariantGroup;
			children = (
				5275AD5221086D8500A641B6 /* zh-Hans */,
				5275AD5421086D9000A641B6 /* en */,
			);
			name = Localizable.strings;
			sourceTree = "<group>";
		};
		5286BDED2112BDD700E299F4 /* LoginViewController.xib */ = {
			isa = PBXVariantGroup;
			children = (
				5286BDEC2112BDD700E299F4 /* Base */,
			);
			name = LoginViewController.xib;
			sourceTree = "<group>";
		};
		5286BDFC2112BF7200E299F4 /* ForgetPasswordViewController.xib */ = {
			isa = PBXVariantGroup;
			children = (
				5286BDFB2112BF7200E299F4 /* Base */,
			);
			name = ForgetPasswordViewController.xib;
			sourceTree = "<group>";
		};
		5286BE022112BFF800E299F4 /* RegistViewController.xib */ = {
			isa = PBXVariantGroup;
			children = (
				5286BE032112BFFE00E299F4 /* Base */,
			);
			name = RegistViewController.xib;
			sourceTree = "<group>";
		};
		8051B74720F649B500BA81BE /* Main.storyboard */ = {
			isa = PBXVariantGroup;
			children = (
				8051B74820F649B500BA81BE /* Base */,
				5275AD4D21086D3500A641B6 /* zh-Hans */,
			);
			name = Main.storyboard;
			sourceTree = "<group>";
		};
		8051B74C20F649B500BA81BE /* LaunchScreen.storyboard */ = {
			isa = PBXVariantGroup;
			children = (
				8051B74D20F649B500BA81BE /* Base */,
				5275AD4E21086D3500A641B6 /* zh-Hans */,
			);
			name = LaunchScreen.storyboard;
			sourceTree = "<group>";
		};
/* End PBXVariantGroup section */

/* Begin XCBuildConfiguration section */
		8051B76620F649B500BA81BE /* Debug */ = {
			isa = XCBuildConfiguration;
			buildSettings = {
				ALWAYS_SEARCH_USER_PATHS = NO;
				CLANG_ANALYZER_LOCALIZABILITY_NONLOCALIZED = YES;
				CLANG_ANALYZER_NONNULL = YES;
				CLANG_ANALYZER_NUMBER_OBJECT_CONVERSION = YES_AGGRESSIVE;
				CLANG_CXX_LANGUAGE_STANDARD = "gnu++14";
				CLANG_CXX_LIBRARY = "libc++";
				CLANG_ENABLE_MODULES = YES;
				CLANG_ENABLE_OBJC_ARC = YES;
				CLANG_ENABLE_OBJC_WEAK = YES;
				CLANG_WARN_BLOCK_CAPTURE_AUTORELEASING = YES;
				CLANG_WARN_BOOL_CONVERSION = YES;
				CLANG_WARN_COMMA = YES;
				CLANG_WARN_CONSTANT_CONVERSION = YES;
				CLANG_WARN_DEPRECATED_OBJC_IMPLEMENTATIONS = YES;
				CLANG_WARN_DIRECT_OBJC_ISA_USAGE = YES_ERROR;
				CLANG_WARN_DOCUMENTATION_COMMENTS = YES;
				CLANG_WARN_EMPTY_BODY = YES;
				CLANG_WARN_ENUM_CONVERSION = YES;
				CLANG_WARN_INFINITE_RECURSION = YES;
				CLANG_WARN_INT_CONVERSION = YES;
				CLANG_WARN_NON_LITERAL_NULL_CONVERSION = YES;
				CLANG_WARN_OBJC_IMPLICIT_RETAIN_SELF = YES;
				CLANG_WARN_OBJC_LITERAL_CONVERSION = YES;
				CLANG_WARN_OBJC_ROOT_CLASS = YES_ERROR;
				CLANG_WARN_RANGE_LOOP_ANALYSIS = YES;
				CLANG_WARN_STRICT_PROTOTYPES = YES;
				CLANG_WARN_SUSPICIOUS_MOVE = YES;
				CLANG_WARN_UNGUARDED_AVAILABILITY = YES_AGGRESSIVE;
				CLANG_WARN_UNREACHABLE_CODE = YES;
				CLANG_WARN__DUPLICATE_METHOD_MATCH = YES;
				CODE_SIGN_IDENTITY = "iPhone Developer";
				COPY_PHASE_STRIP = NO;
				DEBUG_INFORMATION_FORMAT = dwarf;
				ENABLE_STRICT_OBJC_MSGSEND = YES;
				ENABLE_TESTABILITY = YES;
				GCC_C_LANGUAGE_STANDARD = gnu11;
				GCC_DYNAMIC_NO_PIC = NO;
				GCC_NO_COMMON_BLOCKS = YES;
				GCC_OPTIMIZATION_LEVEL = 0;
				GCC_PREPROCESSOR_DEFINITIONS = (
					"DEBUG=1",
					"$(inherited)",
				);
				GCC_WARN_64_TO_32_BIT_CONVERSION = YES;
				GCC_WARN_ABOUT_RETURN_TYPE = YES_ERROR;
				GCC_WARN_UNDECLARED_SELECTOR = YES;
				GCC_WARN_UNINITIALIZED_AUTOS = YES_AGGRESSIVE;
				GCC_WARN_UNUSED_FUNCTION = YES;
				GCC_WARN_UNUSED_VARIABLE = YES;
				IPHONEOS_DEPLOYMENT_TARGET = 11.3;
				MTL_ENABLE_DEBUG_INFO = YES;
				ONLY_ACTIVE_ARCH = YES;
				SDKROOT = iphoneos;
				SWIFT_ACTIVE_COMPILATION_CONDITIONS = DEBUG;
				SWIFT_OPTIMIZATION_LEVEL = "-Onone";
			};
			name = Debug;
		};
		8051B76720F649B500BA81BE /* Release */ = {
			isa = XCBuildConfiguration;
			buildSettings = {
				ALWAYS_SEARCH_USER_PATHS = NO;
				CLANG_ANALYZER_LOCALIZABILITY_NONLOCALIZED = YES;
				CLANG_ANALYZER_NONNULL = YES;
				CLANG_ANALYZER_NUMBER_OBJECT_CONVERSION = YES_AGGRESSIVE;
				CLANG_CXX_LANGUAGE_STANDARD = "gnu++14";
				CLANG_CXX_LIBRARY = "libc++";
				CLANG_ENABLE_MODULES = YES;
				CLANG_ENABLE_OBJC_ARC = YES;
				CLANG_ENABLE_OBJC_WEAK = YES;
				CLANG_WARN_BLOCK_CAPTURE_AUTORELEASING = YES;
				CLANG_WARN_BOOL_CONVERSION = YES;
				CLANG_WARN_COMMA = YES;
				CLANG_WARN_CONSTANT_CONVERSION = YES;
				CLANG_WARN_DEPRECATED_OBJC_IMPLEMENTATIONS = YES;
				CLANG_WARN_DIRECT_OBJC_ISA_USAGE = YES_ERROR;
				CLANG_WARN_DOCUMENTATION_COMMENTS = YES;
				CLANG_WARN_EMPTY_BODY = YES;
				CLANG_WARN_ENUM_CONVERSION = YES;
				CLANG_WARN_INFINITE_RECURSION = YES;
				CLANG_WARN_INT_CONVERSION = YES;
				CLANG_WARN_NON_LITERAL_NULL_CONVERSION = YES;
				CLANG_WARN_OBJC_IMPLICIT_RETAIN_SELF = YES;
				CLANG_WARN_OBJC_LITERAL_CONVERSION = YES;
				CLANG_WARN_OBJC_ROOT_CLASS = YES_ERROR;
				CLANG_WARN_RANGE_LOOP_ANALYSIS = YES;
				CLANG_WARN_STRICT_PROTOTYPES = YES;
				CLANG_WARN_SUSPICIOUS_MOVE = YES;
				CLANG_WARN_UNGUARDED_AVAILABILITY = YES_AGGRESSIVE;
				CLANG_WARN_UNREACHABLE_CODE = YES;
				CLANG_WARN__DUPLICATE_METHOD_MATCH = YES;
				CODE_SIGN_IDENTITY = "iPhone Developer";
				COPY_PHASE_STRIP = NO;
				DEBUG_INFORMATION_FORMAT = "dwarf-with-dsym";
				ENABLE_NS_ASSERTIONS = NO;
				ENABLE_STRICT_OBJC_MSGSEND = YES;
				GCC_C_LANGUAGE_STANDARD = gnu11;
				GCC_NO_COMMON_BLOCKS = YES;
				GCC_WARN_64_TO_32_BIT_CONVERSION = YES;
				GCC_WARN_ABOUT_RETURN_TYPE = YES_ERROR;
				GCC_WARN_UNDECLARED_SELECTOR = YES;
				GCC_WARN_UNINITIALIZED_AUTOS = YES_AGGRESSIVE;
				GCC_WARN_UNUSED_FUNCTION = YES;
				GCC_WARN_UNUSED_VARIABLE = YES;
				IPHONEOS_DEPLOYMENT_TARGET = 11.3;
				MTL_ENABLE_DEBUG_INFO = NO;
				SDKROOT = iphoneos;
				SWIFT_COMPILATION_MODE = wholemodule;
				SWIFT_OPTIMIZATION_LEVEL = "-O";
				VALIDATE_PRODUCT = YES;
			};
			name = Release;
		};
		8051B76920F649B500BA81BE /* Debug */ = {
			isa = XCBuildConfiguration;
			baseConfigurationReference = 3A714131C21F6B9323FD11D2 /* Pods-taskit.debug.xcconfig */;
			buildSettings = {
				ASSETCATALOG_COMPILER_APPICON_NAME = AppIcon;
				CLANG_ENABLE_MODULES = YES;
				CODE_SIGN_STYLE = Manual;
				DEVELOPMENT_TEAM = 23GZ969Q2N;
				INFOPLIST_FILE = taskit/Info.plist;
				IPHONEOS_DEPLOYMENT_TARGET = 9.0;
				LD_RUNPATH_SEARCH_PATHS = (
					"$(inherited)",
					"@executable_path/Frameworks",
				);
				PRODUCT_BUNDLE_IDENTIFIER = Snow.taskit;
				PRODUCT_NAME = "$(TARGET_NAME)";
				PROVISIONING_PROFILE = "f244cdb3-5a77-4486-b4c9-5f0971e0f4ee";
				PROVISIONING_PROFILE_SPECIFIER = test;
				SWIFT_OBJC_BRIDGING_HEADER = "taskit/taskit-Bridging-Header.h";
				SWIFT_OPTIMIZATION_LEVEL = "-Onone";
				SWIFT_VERSION = 4.0;
				TARGETED_DEVICE_FAMILY = "1,2";
			};
			name = Debug;
		};
		8051B76A20F649B500BA81BE /* Release */ = {
			isa = XCBuildConfiguration;
			baseConfigurationReference = A6AE431F8B8136D945E4BA26 /* Pods-taskit.release.xcconfig */;
			buildSettings = {
				ASSETCATALOG_COMPILER_APPICON_NAME = AppIcon;
				CLANG_ENABLE_MODULES = YES;
				CODE_SIGN_IDENTITY = "iPhone Distribution";
				CODE_SIGN_STYLE = Manual;
				DEVELOPMENT_TEAM = 4CFLQ9J2N8;
				INFOPLIST_FILE = taskit/Info.plist;
				IPHONEOS_DEPLOYMENT_TARGET = 9.0;
				LD_RUNPATH_SEARCH_PATHS = (
					"$(inherited)",
					"@executable_path/Frameworks",
				);
				PRODUCT_BUNDLE_IDENTIFIER = Snow.taskit;
				PRODUCT_NAME = "$(TARGET_NAME)";
				PROVISIONING_PROFILE = "a598030a-afad-4037-b425-801df1457c42";
				PROVISIONING_PROFILE_SPECIFIER = "xia-adhoc-xian";
				SWIFT_OBJC_BRIDGING_HEADER = "taskit/taskit-Bridging-Header.h";
				SWIFT_VERSION = 4.0;
				TARGETED_DEVICE_FAMILY = "1,2";
			};
			name = Release;
		};
		8051B76C20F649B500BA81BE /* Debug */ = {
			isa = XCBuildConfiguration;
			buildSettings = {
				ALWAYS_EMBED_SWIFT_STANDARD_LIBRARIES = YES;
				BUNDLE_LOADER = "$(TEST_HOST)";
				CODE_SIGN_STYLE = Automatic;
				INFOPLIST_FILE = taskitTests/Info.plist;
				LD_RUNPATH_SEARCH_PATHS = (
					"$(inherited)",
					"@executable_path/Frameworks",
					"@loader_path/Frameworks",
				);
				PRODUCT_BUNDLE_IDENTIFIER = Snow.taskitTests;
				PRODUCT_NAME = "$(TARGET_NAME)";
				SWIFT_VERSION = 4.0;
				TARGETED_DEVICE_FAMILY = "1,2";
				TEST_HOST = "$(BUILT_PRODUCTS_DIR)/taskit.app/taskit";
			};
			name = Debug;
		};
		8051B76D20F649B500BA81BE /* Release */ = {
			isa = XCBuildConfiguration;
			buildSettings = {
				ALWAYS_EMBED_SWIFT_STANDARD_LIBRARIES = YES;
				BUNDLE_LOADER = "$(TEST_HOST)";
				CODE_SIGN_STYLE = Automatic;
				INFOPLIST_FILE = taskitTests/Info.plist;
				LD_RUNPATH_SEARCH_PATHS = (
					"$(inherited)",
					"@executable_path/Frameworks",
					"@loader_path/Frameworks",
				);
				PRODUCT_BUNDLE_IDENTIFIER = Snow.taskitTests;
				PRODUCT_NAME = "$(TARGET_NAME)";
				SWIFT_VERSION = 4.0;
				TARGETED_DEVICE_FAMILY = "1,2";
				TEST_HOST = "$(BUILT_PRODUCTS_DIR)/taskit.app/taskit";
			};
			name = Release;
		};
		8051B76F20F649B500BA81BE /* Debug */ = {
			isa = XCBuildConfiguration;
			buildSettings = {
				ALWAYS_EMBED_SWIFT_STANDARD_LIBRARIES = YES;
				CODE_SIGN_STYLE = Automatic;
				INFOPLIST_FILE = taskitUITests/Info.plist;
				LD_RUNPATH_SEARCH_PATHS = (
					"$(inherited)",
					"@executable_path/Frameworks",
					"@loader_path/Frameworks",
				);
				PRODUCT_BUNDLE_IDENTIFIER = Snow.taskitUITests;
				PRODUCT_NAME = "$(TARGET_NAME)";
				SWIFT_VERSION = 4.0;
				TARGETED_DEVICE_FAMILY = "1,2";
				TEST_TARGET_NAME = taskit;
			};
			name = Debug;
		};
		8051B77020F649B500BA81BE /* Release */ = {
			isa = XCBuildConfiguration;
			buildSettings = {
				ALWAYS_EMBED_SWIFT_STANDARD_LIBRARIES = YES;
				CODE_SIGN_STYLE = Automatic;
				INFOPLIST_FILE = taskitUITests/Info.plist;
				LD_RUNPATH_SEARCH_PATHS = (
					"$(inherited)",
					"@executable_path/Frameworks",
					"@loader_path/Frameworks",
				);
				PRODUCT_BUNDLE_IDENTIFIER = Snow.taskitUITests;
				PRODUCT_NAME = "$(TARGET_NAME)";
				SWIFT_VERSION = 4.0;
				TARGETED_DEVICE_FAMILY = "1,2";
				TEST_TARGET_NAME = taskit;
			};
			name = Release;
		};
/* End XCBuildConfiguration section */

/* Begin XCConfigurationList section */
		8051B73B20F649B500BA81BE /* Build configuration list for PBXProject "taskit" */ = {
			isa = XCConfigurationList;
			buildConfigurations = (
				8051B76620F649B500BA81BE /* Debug */,
				8051B76720F649B500BA81BE /* Release */,
			);
			defaultConfigurationIsVisible = 0;
			defaultConfigurationName = Release;
		};
		8051B76820F649B500BA81BE /* Build configuration list for PBXNativeTarget "taskit" */ = {
			isa = XCConfigurationList;
			buildConfigurations = (
				8051B76920F649B500BA81BE /* Debug */,
				8051B76A20F649B500BA81BE /* Release */,
			);
			defaultConfigurationIsVisible = 0;
			defaultConfigurationName = Release;
		};
		8051B76B20F649B500BA81BE /* Build configuration list for PBXNativeTarget "taskitTests" */ = {
			isa = XCConfigurationList;
			buildConfigurations = (
				8051B76C20F649B500BA81BE /* Debug */,
				8051B76D20F649B500BA81BE /* Release */,
			);
			defaultConfigurationIsVisible = 0;
			defaultConfigurationName = Release;
		};
		8051B76E20F649B500BA81BE /* Build configuration list for PBXNativeTarget "taskitUITests" */ = {
			isa = XCConfigurationList;
			buildConfigurations = (
				8051B76F20F649B500BA81BE /* Debug */,
				8051B77020F649B500BA81BE /* Release */,
			);
			defaultConfigurationIsVisible = 0;
			defaultConfigurationName = Release;
		};
/* End XCConfigurationList section */
	};
	rootObject = 8051B73820F649B500BA81BE /* Project object */;
}
